
Microsoft Visual Studio Solution File, Format Version 12.00
# Visual Studio 15
VisualStudioVersion = 15.0.27703.2026
MinimumVisualStudioVersion = 10.0.40219.1
Project("{FAE04EC0-301F-11D3-BF4B-00C04F79EFBC}") = "Poketrumps", "Poketrumps\Poketrumps.csproj", "{8B4DC5E9-788B-449C-AB68-1756AABD0377}"
EndProject
Global
	GlobalSection(SolutionConfigurationPlatforms) = preSolution
		Debug|Any CPU = Debug|Any CPU
		Release|Any CPU = Release|Any CPU
	EndGlobalSection
	GlobalSection(ProjectConfigurationPlatforms) = postSolution
		{8B4DC5E9-788B-449C-AB68-1756AABD0377}.Debug|Any CPU.ActiveCfg = Debug|Any CPU
		{8B4DC5E9-788B-449C-AB68-1756AABD0377}.Debug|Any CPU.Build.0 = Debug|Any CPU
		{8B4DC5E9-788B-449C-AB68-1756AABD0377}.Release|Any CPU.ActiveCfg = Release|Any CPU
		{8B4DC5E9-788B-449C-AB68-1756AABD0377}.Release|Any CPU.Build.0 = Release|Any CPU
	EndGlobalSection
	GlobalSection(SolutionProperties) = preSolution
		HideSolutionNode = FALSE
	EndGlobalSection
	GlobalSection(ExtensibilityGlobals) = postSolution
		SolutionGuid = {C3952A0C-16C8-477A-91BF-FC28C944B8DE}
	EndGlobalSection
EndGlobal
